
Microsoft Visual Studio Solution File, Format Version 12.00
# Visual Studio Version 17
VisualStudioVersion = 17.14.37314.3 d17.14
MinimumVisualStudioVersion = 10.0.40219.1
Project("{FAE04EC0-301F-11D3-BF4B-00C04F79EFBC}") = "BloggingWebsite", "BloggingWebsite\BloggingWebsite.csproj", "{BFBC733D-C284-4CAF-BF41-37B5BE7EBADC}"
EndProject
Global
	GlobalSection(SolutionConfigurationPlatforms) = preSolution
		Debug|Any CPU = Debug|Any CPU
		Release|Any CPU = Release|Any CPU
	EndGlobalSection
	GlobalSection(ProjectConfigurationPlatforms) = postSolution
		{BFBC733D-C284-4CAF-BF41-37B5BE7EBADC}.Debug|Any CPU.ActiveCfg = Debug|Any CPU
		{BFBC733D-C284-4CAF-BF41-37B5BE7EBADC}.Debug|Any CPU.Build.0 = Debug|Any CPU
		{BFBC733D-C284-4CAF-BF41-37B5BE7EBADC}.Release|Any CPU.ActiveCfg = Release|Any CPU
		{BFBC733D-C284-4CAF-BF41-37B5BE7EBADC}.Release|Any CPU.Build.0 = Release|Any CPU
	EndGlobalSection
	GlobalSection(SolutionProperties) = preSolution
		HideSolutionNode = FALSE
	EndGlobalSection
	GlobalSection(ExtensibilityGlobals) = postSolution
		SolutionGuid = {D61FBDED-29F4-400A-A329-1A22D62FAE73}
	EndGlobalSection
EndGlobal
